// !$*UTF8*$!
{
	archiveVersion = 1;
	classes = {
	};
	objectVersion = 46;
	objects = {

/* Begin PBXBuildFile section */
		D7E2ECDA1A5AE8290090BBB8 /* AppDelegate.m in Sources */ = {isa = PBXBuildFile; fileRef = D7E2ECD91A5AE8290090BBB8 /* AppDelegate.m */; };
		D7E2ECDC1A5AE8290090BBB8 /* main.m in Sources */ = {isa = PBXBuildFile; fileRef = D7E2ECDB1A5AE8290090BBB8 /* main.m */; };
		D7E2ECDF1A5AE8290090BBB8 /* ViewController.m in Sources */ = {isa = PBXBuildFile; fileRef = D7E2ECDE1A5AE8290090BBB8 /* ViewController.m */; };
		D7E2ECE11A5AE8290090BBB8 /* Images.xcassets in Resources */ = {isa = PBXBuildFile; fileRef = D7E2ECE01A5AE8290090BBB8 /* Images.xcassets */; };
		D7E2ECE41A5AE8290090BBB8 /* Main.storyboard in Resources */ = {isa = PBXBuildFile; fileRef = D7E2ECE21A5AE8290090BBB8 /* Main.storyboard */; };
		D7E2ECF01A5AE8290090BBB8 /* GridTests.m in Sources */ = {isa = PBXBuildFile; fileRef = D7E2ECEF1A5AE8290090BBB8 /* GridTests.m */; };
/* End PBXBuildFile section */

/* Begin PBXContainerItemProxy section */
		D7E2ECEA1A5AE8290090BBB8 /* PBXContainerItemProxy */ = {
			isa = PBXContainerItemProxy;
			containerPortal = D7E2ECCB1A5AE8290090BBB8 /* Project object */;
			proxyType = 1;
			remoteGlobalIDString = D7E2ECD21A5AE8290090BBB8;
			remoteInfo = Grid;
		};
/* End PBXContainerItemProxy section */

/* Begin PBXFileReference section */
		D7E2ECD31A5AE8290090BBB8 /* Grid.app */ = {isa = PBXFileReference; explicitFileType = wrapper.application; includeInIndex = 0; path = Grid.app; sourceTree = BUILT_PRODUCTS_DIR; };
		D7E2ECD71A5AE8290090BBB8 /* Info.plist */ = {isa = PBXFileReference; lastKnownFileType = text.plist.xml; path = Info.plist; sourceTree = "<group>"; };
		D7E2ECD81A5AE8290090BBB8 /* AppDelegate.h */ = {isa = PBXFileReference; lastKnownFileType = sourcecode.c.h; path = AppDelegate.h; sourceTree = "<group>"; };
		D7E2ECD91A5AE8290090BBB8 /* AppDelegate.m */ = {isa = PBXFileReference; lastKnownFileType = sourcecode.c.objc; path = AppDelegate.m; sourceTree = "<group>"; };
		D7E2ECDB1A5AE8290090BBB8 /* main.m */ = {isa = PBXFileReference; lastKnownFileType = sourcecode.c.objc; path = main.m; sourceTree = "<group>"; };
		D7E2ECDD1A5AE8290090BBB8 /* ViewController.h */ = {isa = PBXFileReference; lastKnownFileType = sourcecode.c.h; path = ViewController.h; sourceTree = "<group>"; };
		D7E2ECDE1A5AE8290090BBB8 /* ViewController.m */ = {isa = PBXFileReference; lastKnownFileType = sourcecode.c.objc; path = ViewController.m; sourceTree = "<group>"; };
		D7E2ECE01A5AE8290090BBB8 /* Images.xcassets */ = {isa = PBXFileReference; lastKnownFileType = folder.assetcatalog; path = Images.xcassets; sourceTree = "<group>"; };
		D7E2ECE31A5AE8290090BBB8 /* Base */ = {isa = PBXFileReference; lastKnownFileType = file.storyboard; name = Base; path = Base.lproj/Main.storyboard; sourceTree = "<group>"; };
		D7E2ECE91A5AE8290090BBB8 /* GridTests.xctest */ = {isa = PBXFileReference; explicitFileType = wrapper.cfbundle; includeInIndex = 0; path = GridTests.xctest; sourceTree = BUILT_PRODUCTS_DIR; };
		D7E2ECEE1A5AE8290090BBB8 /* Info.plist */ = {isa = PBXFileReference; lastKnownFileType = text.plist.xml; path = Info.plist; sourceTree = "<group>"; };
		D7E2ECEF1A5AE8290090BBB8 /* GridTests.m */ = {isa = PBXFileReference; lastKnownFileType = sourcecode.c.objc; path = GridTests.m; sourceTree = "<group>"; };
/* End PBXFileReference section */

/* Begin PBXFrameworksBuildPhase section */
		D7E2ECD01A5AE8290090BBB8 /* Frameworks */ = {
			isa = PBXFrameworksBuildPhase;
			buildActionMask = 2147483647;
			files = (
			);
			runOnlyForDeploymentPostprocessing = 0;
		};
		D7E2ECE61A5AE8290090BBB8 /* Frameworks */ = {
			isa = PBXFrameworksBuildPhase;
			buildActionMask = 2147483647;
			files = (
			);
			runOnlyForDeploymentPostprocessing = 0;
		};
/* End PBXFrameworksBuildPhase section */

/* Begin PBXGroup section */
		D7E2ECCA1A5AE8290090BBB8 = {
			isa = PBXGroup;
			children = (
				D7E2ECD51A5AE8290090BBB8 /* Grid */,
				D7E2ECEC1A5AE8290090BBB8 /* GridTests */,
				D7E2ECD41A5AE8290090BBB8 /* Products */,
			);
			sourceTree = "<group>";
		};
		D7E2ECD41A5AE8290090BBB8 /* Products */ = {
			isa = PBXGroup;
			children = (
				D7E2ECD31A5AE8290090BBB8 /* Grid.app */,
				D7E2ECE91A5AE8290090BBB8 /* GridTests.xctest */,
			);
			name = Products;
			sourceTree = "<group>";
		};
		D7E2ECD51A5AE8290090BBB8 /* Grid */ = {
			isa = PBXGroup;
			children = (
				D7E2ECD81A5AE8290090BBB8 /* AppDelegate.h */,
				D7E2ECD91A5AE8290090BBB8 /* AppDelegate.m */,
				D7E2ECDD1A5AE8290090BBB8 /* ViewController.h */,
				D7E2ECDE1A5AE8290090BBB8 /* ViewController.m */,
				D7E2ECE01A5AE8290090BBB8 /* Images.xcassets */,
				D7E2ECE21A5AE8290090BBB8 /* Main.storyboard */,
				D7E2ECD61A5AE8290090BBB8 /* Supporting Files */,
			);
			path = Grid;
			sourceTree = "<group>";
		};
		D7E2ECD61A5AE8290090BBB8 /* Supporting Files */ = {
			isa = PBXGroup;
			children = (
				D7E2ECD71A5AE8290090BBB8 /* Info.plist */,
				D7E2ECDB1A5AE8290090BBB8 /* main.m */,
			);
			name = "Supporting Files";
			sourceTree = "<group>";
		};
		D7E2ECEC1A5AE8290090BBB8 /* GridTests */ = {
			isa = PBXGroup;
			children = (
				D7E2ECEF1A5AE8290090BBB8 /* GridTests.m */,
				D7E2ECED1A5AE8290090BBB8 /* Supporting Files */,
			);
			path = GridTests;
			sourceTree = "<group>";
		};
		D7E2ECED1A5AE8290090BBB8 /* Supporting Files */ = {
			isa = PBXGroup;
			children = (
				D7E2ECEE1A5AE8290090BBB8 /* Info.plist */,
			);
			name = "Supporting Files";
			sourceTree = "<group>";
		};
/* End PBXGroup section */

/* Begin PBXNativeTarget section */
		D7E2ECD21A5AE8290090BBB8 /* Grid */ = {
			isa = PBXNativeTarget;
			buildConfigurationList = D7E2ECF31A5AE8290090BBB8 /* Build configuration list for PBXNativeTarget "Grid" */;
			buildPhases = (
				D7E2ECCF1A5AE8290090BBB8 /* Sources */,
				D7E2ECD01A5AE8290090BBB8 /* Frameworks */,
				D7E2ECD11A5AE8290090BBB8 /* Resources */,
			);
			buildRules = (
			);
			dependencies = (
			);
			name = Grid;
			productName = Grid;
			productReference = D7E2ECD31A5AE8290090BBB8 /* Grid.app */;
			productType = "com.apple.product-type.application";
		};
		D7E2ECE81A5AE8290090BBB8 /* GridTests */ = {
			isa = PBXNativeTarget;
			buildConfigurationList = D7E2ECF61A5AE8290090BBB8 /* Build configuration list for PBXNativeTarget "GridTests" */;
			buildPhases = (
				D7E2ECE51A5AE8290090BBB8 /* Sources */,
				D7E2ECE61A5AE8290090BBB8 /* Frameworks */,
				D7E2ECE71A5AE8290090BBB8 /* Resources */,
			);
			buildRules = (
			);
			dependencies = (
				D7E2ECEB1A5AE8290090BBB8 /* PBXTargetDependency */,
			);
			name = GridTests;
			productName = GridTests;
			productReference = D7E2ECE91A5AE8290090BBB8 /* GridTests.xctest */;
			productType = "com.apple.product-type.bundle.unit-test";
		};
/* End PBXNativeTarget section */

/* Begin PBXProject section */
		D7E2ECCB1A5AE8290090BBB8 /* Project object */ = {
			isa = PBXProject;
			attributes = {
				LastUpgradeCheck = 0610;
				ORGANIZATIONNAME = fm.cocoa;
				TargetAttributes = {
					D7E2ECD21A5AE8290090BBB8 = {
						CreatedOnToolsVersion = 6.1.1;
					};
					D7E2ECE81A5AE8290090BBB8 = {
						CreatedOnToolsVersion = 6.1.1;
						TestTargetID = D7E2ECD21A5AE8290090BBB8;
					};
				};
			};
			buildConfigurationList = D7E2ECCE1A5AE8290090BBB8 /* Build configuration list for PBXProject "Grid" */;
			compatibilityVersion = "Xcode 3.2";
			developmentRegion = English;
			hasScannedForEncodings = 0;
			knownRegions = (
				en,
				Base,
			);
			mainGroup = D7E2ECCA1A5AE8290090BBB8;
			productRefGroup = D7E2ECD41A5AE8290090BBB8 /* Products */;
			projectDirPath = "";
			projectRoot = "";
			targets = (
				D7E2ECD21A5AE8290090BBB8 /* Grid */,
				D7E2ECE81A5AE8290090BBB8 /* GridTests */,
			);
		};
/* End PBXProject section */

/* Begin PBXResourcesBuildPhase section */
		D7E2ECD11A5AE8290090BBB8 /* Resources */ = {
			isa = PBXResourcesBuildPhase;
			buildActionMask = 2147483647;
			files = (
				D7E2ECE11A5AE8290090BBB8 /* Images.xcassets in Resources */,
				D7E2ECE41A5AE8290090BBB8 /* Main.storyboard in Resources */,
			);
			runOnlyForDeploymentPostprocessing = 0;
		};
		D7E2ECE71A5AE8290090BBB8 /* Resources */ = {
			isa = PBXResourcesBuildPhase;
			buildActionMask = 2147483647;
			files = (
			);
			runOnlyForDeploymentPostprocessing = 0;
		};
/* End PBXResourcesBuildPhase section */

/* Begin PBXSourcesBuildPhase section */
		D7E2ECCF1A5AE8290090BBB8 /* Sources */ = {
			isa = PBXSourcesBuildPhase;
			buildActionMask = 2147483647;
			files = (
				D7E2ECDF1A5AE8290090BBB8 /* ViewController.m in Sources */,
				D7E2ECDC1A5AE8290090BBB8 /* main.m in Sources */,
				D7E2ECDA1A5AE8290090BBB8 /* AppDelegate.m in Sources */,
			);
			runOnlyForDeploymentPostprocessing = 0;
		};
		D7E2ECE51A5AE8290090BBB8 /* Sources */ = {
			isa = PBXSourcesBuildPhase;
			buildActionMask = 2147483647;
			files = (
				D7E2ECF01A5AE8290090BBB8 /* GridTests.m in Sources */,
			);
			runOnlyForDeploymentPostprocessing = 0;
		};
/* End PBXSourcesBuildPhase section */

/* Begin PBXTargetDependency section */
		D7E2ECEB1A5AE8290090BBB8 /* PBXTargetDependency */ = {
			isa = PBXTargetDependency;
			target = D7E2ECD21A5AE8290090BBB8 /* Grid */;
			targetProxy = D7E2ECEA1A5AE8290090BBB8 /* PBXContainerItemProxy */;
		};
/* End PBXTargetDependency section */

/* Begin PBXVariantGroup section */
		D7E2ECE21A5AE8290090BBB8 /* Main.storyboard */ = {
			isa = PBXVariantGroup;
			children = (
				D7E2ECE31A5AE8290090BBB8 /* Base */,
			);
			name = Main.storyboard;
			sourceTree = "<group>";
		};
/* End PBXVariantGroup section */

/* Begin XCBuildConfiguration section */
		D7E2ECF11A5AE8290090BBB8 /* Debug */ = {
			isa = XCBuildConfiguration;
			buildSettings = {
				ALWAYS_SEARCH_USER_PATHS = NO;
				CLANG_CXX_LANGUAGE_STANDARD = "gnu++0x";
				CLANG_CXX_LIBRARY = "libc++";
				CLANG_ENABLE_MODULES = YES;
				CLANG_ENABLE_OBJC_ARC = YES;
				CLANG_WARN_BOOL_CONVERSION = YES;
				CLANG_WARN_CONSTANT_CONVERSION = YES;
				CLANG_WARN_DIRECT_OBJC_ISA_USAGE = YES_ERROR;
				CLANG_WARN_EMPTY_BODY = YES;
				CLANG_WARN_ENUM_CONVERSION = YES;
				CLANG_WARN_INT_CONVERSION = YES;
				CLANG_WARN_OBJC_ROOT_CLASS = YES_ERROR;
				CLANG_WARN_UNREACHABLE_CODE = YES;
				CLANG_WARN__DUPLICATE_METHOD_MATCH = YES;
				CODE_SIGN_IDENTITY = "-";
				COPY_PHASE_STRIP = NO;
				ENABLE_STRICT_OBJC_MSGSEND = YES;
				GCC_C_LANGUAGE_STANDARD = gnu99;
				GCC_DYNAMIC_NO_PIC = NO;
				GCC_OPTIMIZATION_LEVEL = 0;
				GCC_PREPROCESSOR_DEFINITIONS = (
					"DEBUG=1",
					"$(inherited)",
				);
				GCC_SYMBOLS_PRIVATE_EXTERN = NO;
				GCC_WARN_64_TO_32_BIT_CONVERSION = YES;
				GCC_WARN_ABOUT_RETURN_TYPE = YES_ERROR;
				GCC_WARN_UNDECLARED_SELECTOR = YES;
				GCC_WARN_UNINITIALIZED_AUTOS = YES_AGGRESSIVE;
				GCC_WARN_UNUSED_FUNCTION = YES;
				GCC_WARN_UNUSED_VARIABLE = YES;
				MACOSX_DEPLOYMENT_TARGET = 10.10;
				MTL_ENABLE_DEBUG_INFO = YES;
				ONLY_ACTIVE_ARCH = YES;
				SDKROOT = macosx;
			};
			name = Debug;
		};
		D7E2ECF21A5AE8290090BBB8 /* Release */ = {
			isa = XCBuildConfiguration;
			buildSettings = {
				ALWAYS_SEARCH_USER_PATHS = NO;
				CLANG_CXX_LANGUAGE_STANDARD = "gnu++0x";
				CLANG_CXX_LIBRARY = "libc++";
				CLANG_ENABLE_MODULES = YES;
				CLANG_ENABLE_OBJC_ARC = YES;
				CLANG_WARN_BOOL_CONVERSION = YES;
				CLANG_WARN_CONSTANT_CONVERSION = YES;
				CLANG_WARN_DIRECT_OBJC_ISA_USAGE = YES_ERROR;
				CLANG_WARN_EMPTY_BODY = YES;
				CLANG_WARN_ENUM_CONVERSION = YES;
				CLANG_WARN_INT_CONVERSION = YES;
				CLANG_WARN_OBJC_ROOT_CLASS = YES_ERROR;
				CLANG_WARN_UNREACHABLE_CODE = YES;
				CLANG_WARN__DUPLICATE_METHOD_MATCH = YES;
				CODE_SIGN_IDENTITY = "-";
				COPY_PHASE_STRIP = YES;
				DEBUG_INFORMATION_FORMAT = "dwarf-with-dsym";
				ENABLE_NS_ASSERTIONS = NO;
				ENABLE_STRICT_OBJC_MSGSEND = YES;
				GCC_C_LANGUAGE_STANDARD = gnu99;
				GCC_WARN_64_TO_32_BIT_CONVERSION = YES;
				GCC_WARN_ABOUT_RETURN_TYPE = YES_ERROR;
				GCC_WARN_UNDECLARED_SELECTOR = YES;
				GCC_WARN_UNINITIALIZED_AUTOS = YES_AGGRESSIVE;
				GCC_WARN_UNUSED_FUNCTION = YES;
				GCC_WARN_UNUSED_VARIABLE = YES;
				MACOSX_DEPLOYMENT_TARGET = 10.10;
				MTL_ENABLE_DEBUG_INFO = NO;
				SDKROOT = macosx;
			};
			name = Release;
		};
		D7E2ECF41A5AE8290090BBB8 /* Debug */ = {
			isa = XCBuildConfiguration;
			buildSettings = {
				ASSETCATALOG_COMPILER_APPICON_NAME = AppIcon;
				COMBINE_HIDPI_IMAGES = YES;
				INFOPLIST_FILE = Grid/Info.plist;
				LD_RUNPATH_SEARCH_PATHS = "$(inherited) @executable_path/../Frameworks";
				PRODUCT_NAME = "$(TARGET_NAME)";
			};
			name = Debug;
		};
		D7E2ECF51A5AE8290090BBB8 /* Release */ = {
			isa = XCBuildConfiguration;
			buildSettings = {
				ASSETCATALOG_COMPILER_APPICON_NAME = AppIcon;
				COMBINE_HIDPI_IMAGES = YES;
				INFOPLIST_FILE = Grid/Info.plist;
				LD_RUNPATH_SEARCH_PATHS = "$(inherited) @executable_path/../Frameworks";
				PRODUCT_NAME = "$(TARGET_NAME)";
			};
			name = Release;
		};
		D7E2ECF71A5AE8290090BBB8 /* Debug */ = {
			isa = XCBuildConfiguration;
			buildSettings = {
				BUNDLE_LOADER = "$(TEST_HOST)";
				COMBINE_HIDPI_IMAGES = YES;
				FRAMEWORK_SEARCH_PATHS = (
					"$(DEVELOPER_FRAMEWORKS_DIR)",
					"$(inherited)",
				);
				GCC_PREPROCESSOR_DEFINITIONS = (
					"DEBUG=1",
					"$(inherited)",
				);
				INFOPLIST_FILE = GridTests/Info.plist;
				LD_RUNPATH_SEARCH_PATHS = "$(inherited) @executable_path/../Frameworks @loader_path/../Frameworks";
				PRODUCT_NAME = "$(TARGET_NAME)";
				TEST_HOST = "$(BUILT_PRODUCTS_DIR)/Grid.app/Contents/MacOS/Grid";
			};
			name = Debug;
		};
		D7E2ECF81A5AE8290090BBB8 /* Release */ = {
			isa = XCBuildConfiguration;
			buildSettings = {
				BUNDLE_LOADER = "$(TEST_HOST)";
				COMBINE_HIDPI_IMAGES = YES;
				FRAMEWORK_SEARCH_PATHS = (
					"$(DEVELOPER_FRAMEWORKS_DIR)",
					"$(inherited)",
				);
				INFOPLIST_FILE = GridTests/Info.plist;
				LD_RUNPATH_SEARCH_PATHS = "$(inherited) @executable_path/../Frameworks @loader_path/../Frameworks";
				PRODUCT_NAME = "$(TARGET_NAME)";
				TEST_HOST = "$(BUILT_PRODUCTS_DIR)/Grid.app/Contents/MacOS/Grid";
			};
			name = Release;
		};
/* End XCBuildConfiguration section */

/* Begin XCConfigurationList section */
		D7E2ECCE1A5AE8290090BBB8 /* Build configuration list for PBXProject "Grid" */ = {
			isa = XCConfigurationList;
			buildConfigurations = (
				D7E2ECF11A5AE8290090BBB8 /* Debug */,
				D7E2ECF21A5AE8290090BBB8 /* Release */,
			);
			defaultConfigurationIsVisible = 0;
			defaultConfigurationName = Release;
		};
		D7E2ECF31A5AE8290090BBB8 /* Build configuration list for PBXNativeTarget "Grid" */ = {
			isa = XCConfigurationList;
			buildConfigurations = (
				D7E2ECF41A5AE8290090BBB8 /* Debug */,
				D7E2ECF51A5AE8290090BBB8 /* Release */,
			);
			defaultConfigurationIsVisible = 0;
		};
		D7E2ECF61A5AE8290090BBB8 /* Build configuration list for PBXNativeTarget "GridTests" */ = {
			isa = XCConfigurationList;
			buildConfigurations = (
				D7E2ECF71A5AE8290090BBB8 /* Debug */,
				D7E2ECF81A5AE8290090BBB8 /* Release */,
			);
			defaultConfigurationIsVisible = 0;
		};
/* End XCConfigurationList section */
	};
	rootObject = D7E2ECCB1A5AE8290090BBB8 /* Project object */;
}
